// !$*UTF8*$!
{
	archiveVersion = 1;
	classes = {
	};
	objectVersion = 55;
	objects = {

/* Begin PBXBuildFile section */
		237B75FFF88555AE6AE2F6B3 /* libPods-JiweiTests.a in Frameworks */ = {isa = PBXBuildFile; fileRef = 09091DD838682B0EE2E17982 /* libPods-JiweiTests.a */; };
		4617F107EE8567DA6698CBC5 /* libPods-Jiwei-JiweiUITests.a in Frameworks */ = {isa = PBXBuildFile; fileRef = FC13255383AC0308536BC904 /* libPods-Jiwei-JiweiUITests.a */; };
		BF12BB8327A7831A00584668 /* JiweiAPI.swift in Sources */ = {isa = PBXBuildFile; fileRef = BF12BB8227A7831A00584668 /* JiweiAPI.swift */; };
		BF5BBC8F2795BD96009C76EA /* LibraryViewController.swift in Sources */ = {isa = PBXBuildFile; fileRef = BF5BBC8E2795BD96009C76EA /* LibraryViewController.swift */; };
		BF5BBC912795BDF8009C76EA /* TaskCenterViewController.swift in Sources */ = {isa = PBXBuildFile; fileRef = BF5BBC902795BDF8009C76EA /* TaskCenterViewController.swift */; };
		BF5BBC932795BE37009C76EA /* AdminManagementViewController.swift in Sources */ = {isa = PBXBuildFile; fileRef = BF5BBC922795BE36009C76EA /* AdminManagementViewController.swift */; };
		BF64499D2796786A007297A9 /* MyProfileViewController.swift in Sources */ = {isa = PBXBuildFile; fileRef = BF64499C2796786A007297A9 /* MyProfileViewController.swift */; };
		BF6449A127968AD9007297A9 /* JiweiTabBarController.swift in Sources */ = {isa = PBXBuildFile; fileRef = BF6449A027968AD9007297A9 /* JiweiTabBarController.swift */; };
		BFA1461427D1E357005F4C20 /* BorrowThingViewController.swift in Sources */ = {isa = PBXBuildFile; fileRef = BFA1461327D1E357005F4C20 /* BorrowThingViewController.swift */; };
		BFA1461627D1F645005F4C20 /* DismissKeyboard.swift in Sources */ = {isa = PBXBuildFile; fileRef = BFA1461527D1F645005F4C20 /* DismissKeyboard.swift */; };
		BFA3C3A627A78A4E0038594D /* RequestStructures.swift in Sources */ = {isa = PBXBuildFile; fileRef = BFA3C3A527A78A4E0038594D /* RequestStructures.swift */; };
		BFE4CAC827950476001D7D06 /* PersonalCenterViewController.swift in Sources */ = {isa = PBXBuildFile; fileRef = BFE4CAC727950476001D7D06 /* PersonalCenterViewController.swift */; };
		BFE4CAD0279544DA001D7D06 /* ResponseStructures.swift in Sources */ = {isa = PBXBuildFile; fileRef = BFE4CACF279544DA001D7D06 /* ResponseStructures.swift */; };
		BFE8E8BE2794255A00AE4781 /* AppDelegate.swift in Sources */ = {isa = PBXBuildFile; fileRef = BFE8E8BD2794255A00AE4781 /* AppDelegate.swift */; };
		BFE8E8C02794255A00AE4781 /* SceneDelegate.swift in Sources */ = {isa = PBXBuildFile; fileRef = BFE8E8BF2794255A00AE4781 /* SceneDelegate.swift */; };
		BFE8E8C22794255A00AE4781 /* LoginViewController.swift in Sources */ = {isa = PBXBuildFile; fileRef = BFE8E8C12794255A00AE4781 /* LoginViewController.swift */; };
		BFE8E8C52794255A00AE4781 /* Main.storyboard in Resources */ = {isa = PBXBuildFile; fileRef = BFE8E8C32794255A00AE4781 /* Main.storyboard */; };
		BFE8E8C82794255A00AE4781 /* Jiwei.xcdatamodeld in Sources */ = {isa = PBXBuildFile; fileRef = BFE8E8C62794255A00AE4781 /* Jiwei.xcdatamodeld */; };
		BFE8E8CA2794255B00AE4781 /* Assets.xcassets in Resources */ = {isa = PBXBuildFile; fileRef = BFE8E8C92794255B00AE4781 /* Assets.xcassets */; };
		BFE8E8CD2794255B00AE4781 /* LaunchScreen.storyboard in Resources */ = {isa = PBXBuildFile; fileRef = BFE8E8CB2794255B00AE4781 /* LaunchScreen.storyboard */; };
		BFE8E8D82794255B00AE4781 /* JiweiTests.swift in Sources */ = {isa = PBXBuildFile; fileRef = BFE8E8D72794255B00AE4781 /* JiweiTests.swift */; };
		BFE8E8E22794255B00AE4781 /* JiweiUITests.swift in Sources */ = {isa = PBXBuildFile; fileRef = BFE8E8E12794255B00AE4781 /* JiweiUITests.swift */; };
		BFE8E8E42794255B00AE4781 /* JiweiUITestsLaunchTests.swift in Sources */ = {isa = PBXBuildFile; fileRef = BFE8E8E32794255B00AE4781 /* JiweiUITestsLaunchTests.swift */; };
		BFEC78FE27A7D46F00CDAEE8 /* MyTaskViewController.swift in Sources */ = {isa = PBXBuildFile; fileRef = BFEC78FD27A7D46F00CDAEE8 /* MyTaskViewController.swift */; };
		CF7998170D59E8D671CB71E5 /* libPods-Jiwei.a in Frameworks */ = {isa = PBXBuildFile; fileRef = F92312FF4BFE0D4650A86019 /* libPods-Jiwei.a */; };
/* End PBXBuildFile section */

/* Begin PBXContainerItemProxy section */
		BFE8E8D42794255B00AE4781 /* PBXContainerItemProxy */ = {
			isa = PBXContainerItemProxy;
			containerPortal = BFE8E8B22794255A00AE4781 /* Project object */;
			proxyType = 1;
			remoteGlobalIDString = BFE8E8B92794255A00AE4781;
			remoteInfo = Jiwei;
		};
		BFE8E8DE2794255B00AE4781 /* PBXContainerItemProxy */ = {
			isa = PBXContainerItemProxy;
			containerPortal = BFE8E8B22794255A00AE4781 /* Project object */;
			proxyType = 1;
			remoteGlobalIDString = BFE8E8B92794255A00AE4781;
			remoteInfo = Jiwei;
		};
/* End PBXContainerItemProxy section */

/* Begin PBXFileReference section */
		09091DD838682B0EE2E17982 /* libPods-JiweiTests.a */ = {isa = PBXFileReference; explicitFileType = archive.ar; includeInIndex = 0; path = "libPods-JiweiTests.a"; sourceTree = BUILT_PRODUCTS_DIR; };
		0E6F84023E3AC03890A04500 /* Pods-Jiwei-JiweiUITests.debug.xcconfig */ = {isa = PBXFileReference; includeInIndex = 1; lastKnownFileType = text.xcconfig; name = "Pods-Jiwei-JiweiUITests.debug.xcconfig"; path = "Target Support Files/Pods-Jiwei-JiweiUITests/Pods-Jiwei-JiweiUITests.debug.xcconfig"; sourceTree = "<group>"; };
		31E09B52707C186D6F42F25C /* Pods-JiweiTests.debug.xcconfig */ = {isa = PBXFileReference; includeInIndex = 1; lastKnownFileType = text.xcconfig; name = "Pods-JiweiTests.debug.xcconfig"; path = "Target Support Files/Pods-JiweiTests/Pods-JiweiTests.debug.xcconfig"; sourceTree = "<group>"; };
		576DB6C4FAF127C2F5F43C49 /* Pods-JiweiTests.release.xcconfig */ = {isa = PBXFileReference; includeInIndex = 1; lastKnownFileType = text.xcconfig; name = "Pods-JiweiTests.release.xcconfig"; path = "Target Support Files/Pods-JiweiTests/Pods-JiweiTests.release.xcconfig"; sourceTree = "<group>"; };
		A0AE81546087FD768E6F3FD4 /* Pods-Jiwei.release.xcconfig */ = {isa = PBXFileReference; includeInIndex = 1; lastKnownFileType = text.xcconfig; name = "Pods-Jiwei.release.xcconfig"; path = "Target Support Files/Pods-Jiwei/Pods-Jiwei.release.xcconfig"; sourceTree = "<group>"; };
		BD42909CF6825C5F8A74B826 /* Pods-Jiwei-JiweiUITests.release.xcconfig */ = {isa = PBXFileReference; includeInIndex = 1; lastKnownFileType = text.xcconfig; name = "Pods-Jiwei-JiweiUITests.release.xcconfig"; path = "Target Support Files/Pods-Jiwei-JiweiUITests/Pods-Jiwei-JiweiUITests.release.xcconfig"; sourceTree = "<group>"; };
		BF12BB8227A7831A00584668 /* JiweiAPI.swift */ = {isa = PBXFileReference; lastKnownFileType = sourcecode.swift; path = JiweiAPI.swift; sourceTree = "<group>"; };
		BF3AD07927B0F9DA0021B82C /* zh-Hans */ = {isa = PBXFileReference; lastKnownFileType = file.storyboard; name = "zh-Hans"; path = "zh-Hans.lproj/Main.storyboard"; sourceTree = "<group>"; };
		BF3AD07A27B0F9DB0021B82C /* zh-Hans */ = {isa = PBXFileReference; lastKnownFileType = file.storyboard; name = "zh-Hans"; path = "zh-Hans.lproj/LaunchScreen.storyboard"; sourceTree = "<group>"; };
		BF5BBC8D279589A0009C76EA /* Jiwei.entitlements */ = {isa = PBXFileReference; lastKnownFileType = text.plist.entitlements; path = Jiwei.entitlements; sourceTree = "<group>"; };
		BF5BBC8E2795BD96009C76EA /* LibraryViewController.swift */ = {isa = PBXFileReference; lastKnownFileType = sourcecode.swift; path = LibraryViewController.swift; sourceTree = "<group>"; };
		BF5BBC902795BDF8009C76EA /* TaskCenterViewController.swift */ = {isa = PBXFileReference; lastKnownFileType = sourcecode.swift; path = TaskCenterViewController.swift; sourceTree = "<group>"; };
		BF5BBC922795BE36009C76EA /* AdminManagementViewController.swift */ = {isa = PBXFileReference; lastKnownFileType = sourcecode.swift; path = AdminManagementViewController.swift; sourceTree = "<group>"; };
		BF64499C2796786A007297A9 /* MyProfileViewController.swift */ = {isa = PBXFileReference; lastKnownFileType = sourcecode.swift; path = MyProfileViewController.swift; sourceTree = "<group>"; };
		BF6449A027968AD9007297A9 /* JiweiTabBarController.swift */ = {isa = PBXFileReference; lastKnownFileType = sourcecode.swift; path = JiweiTabBarController.swift; sourceTree = "<group>"; };
		BFA1461327D1E357005F4C20 /* BorrowThingViewController.swift */ = {isa = PBXFileReference; lastKnownFileType = sourcecode.swift; name = BorrowThingViewController.swift; path = /Users/vincent/Documents/Xcode/Jiwei/Jiwei/BorrowThingViewController.swift; sourceTree = "<absolute>"; };
		BFA1461527D1F645005F4C20 /* DismissKeyboard.swift */ = {isa = PBXFileReference; lastKnownFileType = sourcecode.swift; path = DismissKeyboard.swift; sourceTree = "<group>"; };
		BFA3C3A527A78A4E0038594D /* RequestStructures.swift */ = {isa = PBXFileReference; lastKnownFileType = sourcecode.swift; path = RequestStructures.swift; sourceTree = "<group>"; };
		BFE4CAC727950476001D7D06 /* PersonalCenterViewController.swift */ = {isa = PBXFileReference; lastKnownFileType = sourcecode.swift; path = PersonalCenterViewController.swift; sourceTree = "<group>"; };
		BFE4CACF279544DA001D7D06 /* ResponseStructures.swift */ = {isa = PBXFileReference; lastKnownFileType = sourcecode.swift; path = ResponseStructures.swift; sourceTree = "<group>"; };
		BFE8E8BA2794255A00AE4781 /* Jiwei.app */ = {isa = PBXFileReference; explicitFileType = wrapper.application; includeInIndex = 0; path = Jiwei.app; sourceTree = BUILT_PRODUCTS_DIR; };
		BFE8E8BD2794255A00AE4781 /* AppDelegate.swift */ = {isa = PBXFileReference; lastKnownFileType = sourcecode.swift; path = AppDelegate.swift; sourceTree = "<group>"; };
		BFE8E8BF2794255A00AE4781 /* SceneDelegate.swift */ = {isa = PBXFileReference; lastKnownFileType = sourcecode.swift; path = SceneDelegate.swift; sourceTree = "<group>"; };
		BFE8E8C12794255A00AE4781 /* LoginViewController.swift */ = {isa = PBXFileReference; lastKnownFileType = sourcecode.swift; path = LoginViewController.swift; sourceTree = "<group>"; };
		BFE8E8C72794255A00AE4781 /* Jiwei.xcdatamodel */ = {isa = PBXFileReference; lastKnownFileType = wrapper.xcdatamodel; path = Jiwei.xcdatamodel; sourceTree = "<group>"; };
		BFE8E8C92794255B00AE4781 /* Assets.xcassets */ = {isa = PBXFileReference; lastKnownFileType = folder.assetcatalog; path = Assets.xcassets; sourceTree = "<group>"; };
		BFE8E8CE2794255B00AE4781 /* Info.plist */ = {isa = PBXFileReference; lastKnownFileType = text.plist.xml; path = Info.plist; sourceTree = "<group>"; };
		BFE8E8D32794255B00AE4781 /* JiweiTests.xctest */ = {isa = PBXFileReference; explicitFileType = wrapper.cfbundle; includeInIndex = 0; path = JiweiTests.xctest; sourceTree = BUILT_PRODUCTS_DIR; };
		BFE8E8D72794255B00AE4781 /* JiweiTests.swift */ = {isa = PBXFileReference; lastKnownFileType = sourcecode.swift; path = JiweiTests.swift; sourceTree = "<group>"; };
		BFE8E8DD2794255B00AE4781 /* JiweiUITests.xctest */ = {isa = PBXFileReference; explicitFileType = wrapper.cfbundle; includeInIndex = 0; path = JiweiUITests.xctest; sourceTree = BUILT_PRODUCTS_DIR; };
		BFE8E8E12794255B00AE4781 /* JiweiUITests.swift */ = {isa = PBXFileReference; lastKnownFileType = sourcecode.swift; path = JiweiUITests.swift; sourceTree = "<group>"; };
		BFE8E8E32794255B00AE4781 /* JiweiUITestsLaunchTests.swift */ = {isa = PBXFileReference; lastKnownFileType = sourcecode.swift; path = JiweiUITestsLaunchTests.swift; sourceTree = "<group>"; };
		BFE8E8F62794707700AE4781 /* zh-Hans */ = {isa = PBXFileReference; lastKnownFileType = text.plist.strings; name = "zh-Hans"; path = "zh-Hans.lproj/Main.strings"; sourceTree = "<group>"; };
		BFE8E8F72794707700AE4781 /* zh-Hans */ = {isa = PBXFileReference; lastKnownFileType = text.plist.strings; name = "zh-Hans"; path = "zh-Hans.lproj/LaunchScreen.strings"; sourceTree = "<group>"; };
		BFEC78FD27A7D46F00CDAEE8 /* MyTaskViewController.swift */ = {isa = PBXFileReference; lastKnownFileType = sourcecode.swift; path = MyTaskViewController.swift; sourceTree = "<group>"; };
		DD4BCD69CF2F8962B8D73BCA /* Pods-Jiwei.debug.xcconfig */ = {isa = PBXFileReference; includeInIndex = 1; lastKnownFileType = text.xcconfig; name = "Pods-Jiwei.debug.xcconfig"; path = "Target Support Files/Pods-Jiwei/Pods-Jiwei.debug.xcconfig"; sourceTree = "<group>"; };
		F92312FF4BFE0D4650A86019 /* libPods-Jiwei.a */ = {isa = PBXFileReference; explicitFileType = archive.ar; includeInIndex = 0; path = "libPods-Jiwei.a"; sourceTree = BUILT_PRODUCTS_DIR; };
		FC13255383AC0308536BC904 /* libPods-Jiwei-JiweiUITests.a */ = {isa = PBXFileReference; explicitFileType = archive.ar; includeInIndex = 0; path = "libPods-Jiwei-JiweiUITests.a"; sourceTree = BUILT_PRODUCTS_DIR; };
/* End PBXFileReference section */

/* Begin PBXFrameworksBuildPhase section */
		BFE8E8B72794255A00AE4781 /* Frameworks */ = {
			isa = PBXFrameworksBuildPhase;
			buildActionMask = 2147483647;
			files = (
				CF7998170D59E8D671CB71E5 /* libPods-Jiwei.a in Frameworks */,
			);
			runOnlyForDeploymentPostprocessing = 0;
		};
		BFE8E8D02794255B00AE4781 /* Frameworks */ = {
			isa = PBXFrameworksBuildPhase;
			buildActionMask = 2147483647;
			files = (
				237B75FFF88555AE6AE2F6B3 /* libPods-JiweiTests.a in Frameworks */,
			);
			runOnlyForDeploymentPostprocessing = 0;
		};
		BFE8E8DA2794255B00AE4781 /* Frameworks */ = {
			isa = PBXFrameworksBuildPhase;
			buildActionMask = 2147483647;
			files = (
				4617F107EE8567DA6698CBC5 /* libPods-Jiwei-JiweiUITests.a in Frameworks */,
			);
			runOnlyForDeploymentPostprocessing = 0;
		};
/* End PBXFrameworksBuildPhase section */

/* Begin PBXGroup section */
		29ADD57EDF8D1B47B9BAB040 /* Frameworks */ = {
			isa = PBXGroup;
			children = (
				F92312FF4BFE0D4650A86019 /* libPods-Jiwei.a */,
				FC13255383AC0308536BC904 /* libPods-Jiwei-JiweiUITests.a */,
				09091DD838682B0EE2E17982 /* libPods-JiweiTests.a */,
			);
			name = Frameworks;
			sourceTree = "<group>";
		};
		63168C6EDF757B49A26030AB /* Pods */ = {
			isa = PBXGroup;
			children = (
				DD4BCD69CF2F8962B8D73BCA /* Pods-Jiwei.debug.xcconfig */,
				A0AE81546087FD768E6F3FD4 /* Pods-Jiwei.release.xcconfig */,
				0E6F84023E3AC03890A04500 /* Pods-Jiwei-JiweiUITests.debug.xcconfig */,
				BD42909CF6825C5F8A74B826 /* Pods-Jiwei-JiweiUITests.release.xcconfig */,
				31E09B52707C186D6F42F25C /* Pods-JiweiTests.debug.xcconfig */,
				576DB6C4FAF127C2F5F43C49 /* Pods-JiweiTests.release.xcconfig */,
			);
			path = Pods;
			sourceTree = "<group>";
		};
		BFE8E8B12794255A00AE4781 = {
			isa = PBXGroup;
			children = (
				BFE8E8BC2794255A00AE4781 /* Jiwei */,
				BFE8E8D62794255B00AE4781 /* JiweiTests */,
				BFE8E8E02794255B00AE4781 /* JiweiUITests */,
				BFE8E8BB2794255A00AE4781 /* Products */,
				63168C6EDF757B49A26030AB /* Pods */,
				29ADD57EDF8D1B47B9BAB040 /* Frameworks */,
			);
			sourceTree = "<group>";
		};
		BFE8E8BB2794255A00AE4781 /* Products */ = {
			isa = PBXGroup;
			children = (
				BFE8E8BA2794255A00AE4781 /* Jiwei.app */,
				BFE8E8D32794255B00AE4781 /* JiweiTests.xctest */,
				BFE8E8DD2794255B00AE4781 /* JiweiUITests.xctest */,
			);
			name = Products;
			sourceTree = "<group>";
		};
		BFE8E8BC2794255A00AE4781 /* Jiwei */ = {
			isa = PBXGroup;
			children = (
				BF5BBC8D279589A0009C76EA /* Jiwei.entitlements */,
				BFA1461527D1F645005F4C20 /* DismissKeyboard.swift */,
				BFA1461327D1E357005F4C20 /* BorrowThingViewController.swift */,
				BFE8E8BD2794255A00AE4781 /* AppDelegate.swift */,
				BFE8E8BF2794255A00AE4781 /* SceneDelegate.swift */,
				BFE8E8C12794255A00AE4781 /* LoginViewController.swift */,
				BF5BBC8E2795BD96009C76EA /* LibraryViewController.swift */,
				BFE4CAC727950476001D7D06 /* PersonalCenterViewController.swift */,
				BFE8E8C32794255A00AE4781 /* Main.storyboard */,
				BFE8E8C92794255B00AE4781 /* Assets.xcassets */,
				BFE8E8CB2794255B00AE4781 /* LaunchScreen.storyboard */,
				BFE8E8CE2794255B00AE4781 /* Info.plist */,
				BFE8E8C62794255A00AE4781 /* Jiwei.xcdatamodeld */,
				BF5BBC902795BDF8009C76EA /* TaskCenterViewController.swift */,
				BF5BBC922795BE36009C76EA /* AdminManagementViewController.swift */,
				BF64499C2796786A007297A9 /* MyProfileViewController.swift */,
				BFEC78FD27A7D46F00CDAEE8 /* MyTaskViewController.swift */,
				BF6449A027968AD9007297A9 /* JiweiTabBarController.swift */,
				BF12BB8227A7831A00584668 /* JiweiAPI.swift */,
				BFE4CACF279544DA001D7D06 /* ResponseStructures.swift */,
				BFA3C3A527A78A4E0038594D /* RequestStructures.swift */,
			);
			path = Jiwei;
			sourceTree = "<group>";
		};
		BFE8E8D62794255B00AE4781 /* JiweiTests */ = {
			isa = PBXGroup;
			children = (
				BFE8E8D72794255B00AE4781 /* JiweiTests.swift */,
			);
			path = JiweiTests;
			sourceTree = "<group>";
		};
		BFE8E8E02794255B00AE4781 /* JiweiUITests */ = {
			isa = PBXGroup;
			children = (
				BFE8E8E12794255B00AE4781 /* JiweiUITests.swift */,
				BFE8E8E32794255B00AE4781 /* JiweiUITestsLaunchTests.swift */,
			);
			path = JiweiUITests;
			sourceTree = "<group>";
		};
/* End PBXGroup section */

/* Begin PBXNativeTarget section */
		BFE8E8B92794255A00AE4781 /* Jiwei */ = {
			isa = PBXNativeTarget;
			buildConfigurationList = BFE8E8E72794255B00AE4781 /* Build configuration list for PBXNativeTarget "Jiwei" */;
			buildPhases = (
				63509B9E15CA027C3E956506 /* [CP] Check Pods Manifest.lock */,
				BFE8E8B62794255A00AE4781 /* Sources */,
				BFE8E8B72794255A00AE4781 /* Frameworks */,
				BFE8E8B82794255A00AE4781 /* Resources */,
			);
			buildRules = (
			);
			dependencies = (
			);
			name = Jiwei;
			productName = Jiwei;
			productReference = BFE8E8BA2794255A00AE4781 /* Jiwei.app */;
			productType = "com.apple.product-type.application";
		};
		BFE8E8D22794255B00AE4781 /* JiweiTests */ = {
			isa = PBXNativeTarget;
			buildConfigurationList = BFE8E8EA2794255B00AE4781 /* Build configuration list for PBXNativeTarget "JiweiTests" */;
			buildPhases = (
				269D83C7C16A83B4F0FC84A8 /* [CP] Check Pods Manifest.lock */,
				BFE8E8CF2794255B00AE4781 /* Sources */,
				BFE8E8D02794255B00AE4781 /* Frameworks */,
				BFE8E8D12794255B00AE4781 /* Resources */,
			);
			buildRules = (
			);
			dependencies = (
				BFE8E8D52794255B00AE4781 /* PBXTargetDependency */,
			);
			name = JiweiTests;
			productName = JiweiTests;
			productReference = BFE8E8D32794255B00AE4781 /* JiweiTests.xctest */;
			productType = "com.apple.product-type.bundle.unit-test";
		};
		BFE8E8DC2794255B00AE4781 /* JiweiUITests */ = {
			isa = PBXNativeTarget;
			buildConfigurationList = BFE8E8ED2794255B00AE4781 /* Build configuration list for PBXNativeTarget "JiweiUITests" */;
			buildPhases = (
				B098C77858EB2425211C0077 /* [CP] Check Pods Manifest.lock */,
				BFE8E8D92794255B00AE4781 /* Sources */,
				BFE8E8DA2794255B00AE4781 /* Frameworks */,
				BFE8E8DB2794255B00AE4781 /* Resources */,
			);
			buildRules = (
			);
			dependencies = (
				BFE8E8DF2794255B00AE4781 /* PBXTargetDependency */,
			);
			name = JiweiUITests;
			productName = JiweiUITests;
			productReference = BFE8E8DD2794255B00AE4781 /* JiweiUITests.xctest */;
			productType = "com.apple.product-type.bundle.ui-testing";
		};
/* End PBXNativeTarget section */

/* Begin PBXProject section */
		BFE8E8B22794255A00AE4781 /* Project object */ = {
			isa = PBXProject;
			attributes = {
				BuildIndependentTargetsInParallel = 1;
				LastSwiftUpdateCheck = 1320;
				LastUpgradeCheck = 1320;
				TargetAttributes = {
					BFE8E8B92794255A00AE4781 = {
						CreatedOnToolsVersion = 13.2.1;
					};
					BFE8E8D22794255B00AE4781 = {
						CreatedOnToolsVersion = 13.2.1;
						TestTargetID = BFE8E8B92794255A00AE4781;
					};
					BFE8E8DC2794255B00AE4781 = {
						CreatedOnToolsVersion = 13.2.1;
						TestTargetID = BFE8E8B92794255A00AE4781;
					};
				};
			};
			buildConfigurationList = BFE8E8B52794255A00AE4781 /* Build configuration list for PBXProject "Jiwei" */;
			compatibilityVersion = "Xcode 13.0";
			developmentRegion = en;
			hasScannedForEncodings = 0;
			knownRegions = (
				en,
				"zh-Hans",
			);
			mainGroup = BFE8E8B12794255A00AE4781;
			productRefGroup = BFE8E8BB2794255A00AE4781 /* Products */;
			projectDirPath = "";
			projectRoot = "";
			targets = (
				BFE8E8B92794255A00AE4781 /* Jiwei */,
				BFE8E8D22794255B00AE4781 /* JiweiTests */,
				BFE8E8DC2794255B00AE4781 /* JiweiUITests */,
			);
		};
/* End PBXProject section */

/* Begin PBXResourcesBuildPhase section */
		BFE8E8B82794255A00AE4781 /* Resources */ = {
			isa = PBXResourcesBuildPhase;
			buildActionMask = 2147483647;
			files = (
				BFE8E8CD2794255B00AE4781 /* LaunchScreen.storyboard in Resources */,
				BFE8E8CA2794255B00AE4781 /* Assets.xcassets in Resources */,
				BFE8E8C52794255A00AE4781 /* Main.storyboard in Resources */,
			);
			runOnlyForDeploymentPostprocessing = 0;
		};
		BFE8E8D12794255B00AE4781 /* Resources */ = {
			isa = PBXResourcesBuildPhase;
			buildActionMask = 2147483647;
			files = (
			);
			runOnlyForDeploymentPostprocessing = 0;
		};
		BFE8E8DB2794255B00AE4781 /* Resources */ = {
			isa = PBXResourcesBuildPhase;
			buildActionMask = 2147483647;
			files = (
			);
			runOnlyForDeploymentPostprocessing = 0;
		};
/* End PBXResourcesBuildPhase section */

/* Begin PBXShellScriptBuildPhase section */
		269D83C7C16A83B4F0FC84A8 /* [CP] Check Pods Manifest.lock */ = {
			isa = PBXShellScriptBuildPhase;
			buildActionMask = 2147483647;
			files = (
			);
			inputFileListPaths = (
			);
			inputPaths = (
				"${PODS_PODFILE_DIR_PATH}/Podfile.lock",
				"${PODS_ROOT}/Manifest.lock",
			);
			name = "[CP] Check Pods Manifest.lock";
			outputFileListPaths = (
			);
			outputPaths = (
				"$(DERIVED_FILE_DIR)/Pods-JiweiTests-checkManifestLockResult.txt",
			);
			runOnlyForDeploymentPostprocessing = 0;
			shellPath = /bin/sh;
			shellScript = "diff \"${PODS_PODFILE_DIR_PATH}/Podfile.lock\" \"${PODS_ROOT}/Manifest.lock\" > /dev/null\nif [ $? != 0 ] ; then\n    # print error to STDERR\n    echo \"error: The sandbox is not in sync with the Podfile.lock. Run 'pod install' or update your CocoaPods installation.\" >&2\n    exit 1\nfi\n# This output is used by Xcode 'outputs' to avoid re-running this script phase.\necho \"SUCCESS\" > \"${SCRIPT_OUTPUT_FILE_0}\"\n";
			showEnvVarsInLog = 0;
		};
		63509B9E15CA027C3E956506 /* [CP] Check Pods Manifest.lock */ = {
			isa = PBXShellScriptBuildPhase;
			buildActionMask = 2147483647;
			files = (
			);
			inputFileListPaths = (
			);
			inputPaths = (
				"${PODS_PODFILE_DIR_PATH}/Podfile.lock",
				"${PODS_ROOT}/Manifest.lock",
			);
			name = "[CP] Check Pods Manifest.lock";
			outputFileListPaths = (
			);
			outputPaths = (
				"$(DERIVED_FILE_DIR)/Pods-Jiwei-checkManifestLockResult.txt",
			);
			runOnlyForDeploymentPostprocessing = 0;
			shellPath = /bin/sh;
			shellScript = "diff \"${PODS_PODFILE_DIR_PATH}/Podfile.lock\" \"${PODS_ROOT}/Manifest.lock\" > /dev/null\nif [ $? != 0 ] ; then\n    # print error to STDERR\n    echo \"error: The sandbox is not in sync with the Podfile.lock. Run 'pod install' or update your CocoaPods installation.\" >&2\n    exit 1\nfi\n# This output is used by Xcode 'outputs' to avoid re-running this script phase.\necho \"SUCCESS\" > \"${SCRIPT_OUTPUT_FILE_0}\"\n";
			showEnvVarsInLog = 0;
		};
		B098C77858EB2425211C0077 /* [CP] Check Pods Manifest.lock */ = {
			isa = PBXShellScriptBuildPhase;
			buildActionMask = 2147483647;
			files = (
			);
			inputFileListPaths = (
			);
			inputPaths = (
				"${PODS_PODFILE_DIR_PATH}/Podfile.lock",
				"${PODS_ROOT}/Manifest.lock",
			);
			name = "[CP] Check Pods Manifest.lock";
			outputFileListPaths = (
			);
			outputPaths = (
				"$(DERIVED_FILE_DIR)/Pods-Jiwei-JiweiUITests-checkManifestLockResult.txt",
			);
			runOnlyForDeploymentPostprocessing = 0;
			shellPath = /bin/sh;
			shellScript = "diff \"${PODS_PODFILE_DIR_PATH}/Podfile.lock\" \"${PODS_ROOT}/Manifest.lock\" > /dev/null\nif [ $? != 0 ] ; then\n    # print error to STDERR\n    echo \"error: The sandbox is not in sync with the Podfile.lock. Run 'pod install' or update your CocoaPods installation.\" >&2\n    exit 1\nfi\n# This output is used by Xcode 'outputs' to avoid re-running this script phase.\necho \"SUCCESS\" > \"${SCRIPT_OUTPUT_FILE_0}\"\n";
			showEnvVarsInLog = 0;
		};
/* End PBXShellScriptBuildPhase section */

/* Begin PBXSourcesBuildPhase section */
		BFE8E8B62794255A00AE4781 /* Sources */ = {
			isa = PBXSourcesBuildPhase;
			buildActionMask = 2147483647;
			files = (
				BFE4CAC827950476001D7D06 /* PersonalCenterViewController.swift in Sources */,
				BFA1461427D1E357005F4C20 /* BorrowThingViewController.swift in Sources */,
				BF6449A127968AD9007297A9 /* JiweiTabBarController.swift in Sources */,
				BF5BBC912795BDF8009C76EA /* TaskCenterViewController.swift in Sources */,
				BFE8E8C22794255A00AE4781 /* LoginViewController.swift in Sources */,
				BF5BBC8F2795BD96009C76EA /* LibraryViewController.swift in Sources */,
				BFEC78FE27A7D46F00CDAEE8 /* MyTaskViewController.swift in Sources */,
				BF64499D2796786A007297A9 /* MyProfileViewController.swift in Sources */,
				BFE8E8BE2794255A00AE4781 /* AppDelegate.swift in Sources */,
				BFA3C3A627A78A4E0038594D /* RequestStructures.swift in Sources */,
				BFE8E8C82794255A00AE4781 /* Jiwei.xcdatamodeld in Sources */,
				BFE4CAD0279544DA001D7D06 /* ResponseStructures.swift in Sources */,
				BF12BB8327A7831A00584668 /* JiweiAPI.swift in Sources */,
				BFA1461627D1F645005F4C20 /* DismissKeyboard.swift in Sources */,
				BFE8E8C02794255A00AE4781 /* SceneDelegate.swift in Sources */,
				BF5BBC932795BE37009C76EA /* AdminManagementViewController.swift in Sources */,
			);
			runOnlyForDeploymentPostprocessing = 0;
		};
		BFE8E8CF2794255B00AE4781 /* Sources */ = {
			isa = PBXSourcesBuildPhase;
			buildActionMask = 2147483647;
			files = (
				BFE8E8D82794255B00AE4781 /* JiweiTests.swift in Sources */,
			);
			runOnlyForDeploymentPostprocessing = 0;
		};
		BFE8E8D92794255B00AE4781 /* Sources */ = {
			isa = PBXSourcesBuildPhase;
			buildActionMask = 2147483647;
			files = (
				BFE8E8E22794255B00AE4781 /* JiweiUITests.swift in Sources */,
				BFE8E8E42794255B00AE4781 /* JiweiUITestsLaunchTests.swift in Sources */,
			);
			runOnlyForDeploymentPostprocessing = 0;
		};
/* End PBXSourcesBuildPhase section */

/* Begin PBXTargetDependency section */
		BFE8E8D52794255B00AE4781 /* PBXTargetDependency */ = {
			isa = PBXTargetDependency;
			target = BFE8E8B92794255A00AE4781 /* Jiwei */;
			targetProxy = BFE8E8D42794255B00AE4781 /* PBXContainerItemProxy */;
		};
		BFE8E8DF2794255B00AE4781 /* PBXTargetDependency */ = {
			isa = PBXTargetDependency;
			target = BFE8E8B92794255A00AE4781 /* Jiwei */;
			targetProxy = BFE8E8DE2794255B00AE4781 /* PBXContainerItemProxy */;
		};
/* End PBXTargetDependency section */

/* Begin PBXVariantGroup section */
		BFE8E8C32794255A00AE4781 /* Main.storyboard */ = {
			isa = PBXVariantGroup;
			children = (
				BFE8E8F62794707700AE4781 /* zh-Hans */,
				BF3AD07927B0F9DA0021B82C /* zh-Hans */,
			);
			name = Main.storyboard;
			sourceTree = "<group>";
		};
		BFE8E8CB2794255B00AE4781 /* LaunchScreen.storyboard */ = {
			isa = PBXVariantGroup;
			children = (
				BFE8E8F72794707700AE4781 /* zh-Hans */,
				BF3AD07A27B0F9DB0021B82C /* zh-Hans */,
			);
			name = LaunchScreen.storyboard;
			sourceTree = "<group>";
		};
/* End PBXVariantGroup section */

/* Begin XCBuildConfiguration section */
		BFE8E8E52794255B00AE4781 /* Debug */ = {
			isa = XCBuildConfiguration;
			buildSettings = {
				ALWAYS_SEARCH_USER_PATHS = NO;
				CLANG_ANALYZER_LOCALIZABILITY_NONLOCALIZED = YES;
				CLANG_ANALYZER_NONNULL = YES;
				CLANG_ANALYZER_NUMBER_OBJECT_CONVERSION = YES_AGGRESSIVE;
				CLANG_CXX_LANGUAGE_STANDARD = "gnu++17";
				CLANG_CXX_LIBRARY = "libc++";
				CLANG_ENABLE_MODULES = YES;
				CLANG_ENABLE_OBJC_ARC = YES;
				CLANG_ENABLE_OBJC_WEAK = YES;
				CLANG_WARN_BLOCK_CAPTURE_AUTORELEASING = YES;
				CLANG_WARN_BOOL_CONVERSION = YES;
				CLANG_WARN_COMMA = YES;
				CLANG_WARN_CONSTANT_CONVERSION = YES;
				CLANG_WARN_DEPRECATED_OBJC_IMPLEMENTATIONS = YES;
				CLANG_WARN_DIRECT_OBJC_ISA_USAGE = YES_ERROR;
				CLANG_WARN_DOCUMENTATION_COMMENTS = YES;
				CLANG_WARN_EMPTY_BODY = YES;
				CLANG_WARN_ENUM_CONVERSION = YES;
				CLANG_WARN_INFINITE_RECURSION = YES;
				CLANG_WARN_INT_CONVERSION = YES;
				CLANG_WARN_NON_LITERAL_NULL_CONVERSION = YES;
				CLANG_WARN_OBJC_IMPLICIT_RETAIN_SELF = YES;
				CLANG_WARN_OBJC_LITERAL_CONVERSION = YES;
				CLANG_WARN_OBJC_ROOT_CLASS = YES_ERROR;
				CLANG_WARN_QUOTED_INCLUDE_IN_FRAMEWORK_HEADER = YES;
				CLANG_WARN_RANGE_LOOP_ANALYSIS = YES;
				CLANG_WARN_STRICT_PROTOTYPES = YES;
				CLANG_WARN_SUSPICIOUS_MOVE = YES;
				CLANG_WARN_UNGUARDED_AVAILABILITY = YES_AGGRESSIVE;
				CLANG_WARN_UNREACHABLE_CODE = YES;
				CLANG_WARN__DUPLICATE_METHOD_MATCH = YES;
				COPY_PHASE_STRIP = NO;
				DEBUG_INFORMATION_FORMAT = dwarf;
				ENABLE_STRICT_OBJC_MSGSEND = YES;
				ENABLE_TESTABILITY = YES;
				GCC_C_LANGUAGE_STANDARD = gnu11;
				GCC_DYNAMIC_NO_PIC = NO;
				GCC_NO_COMMON_BLOCKS = YES;
				GCC_OPTIMIZATION_LEVEL = 0;
				GCC_PREPROCESSOR_DEFINITIONS = (
					"DEBUG=1",
					"$(inherited)",
				);
				GCC_WARN_64_TO_32_BIT_CONVERSION = YES;
				GCC_WARN_ABOUT_RETURN_TYPE = YES_ERROR;
				GCC_WARN_UNDECLARED_SELECTOR = YES;
				GCC_WARN_UNINITIALIZED_AUTOS = YES_AGGRESSIVE;
				GCC_WARN_UNUSED_FUNCTION = YES;
				GCC_WARN_UNUSED_VARIABLE = YES;
				IPHONEOS_DEPLOYMENT_TARGET = 15.2;
				MTL_ENABLE_DEBUG_INFO = INCLUDE_SOURCE;
				MTL_FAST_MATH = YES;
				ONLY_ACTIVE_ARCH = YES;
				SDKROOT = iphoneos;
				SWIFT_ACTIVE_COMPILATION_CONDITIONS = DEBUG;
				SWIFT_OPTIMIZATION_LEVEL = "-Onone";
				TARGETED_DEVICE_FAMILY = "1,2,6";
			};
			name = Debug;
		};
		BFE8E8E62794255B00AE4781 /* Release */ = {
			isa = XCBuildConfiguration;
			buildSettings = {
				ALWAYS_SEARCH_USER_PATHS = NO;
				CLANG_ANALYZER_LOCALIZABILITY_NONLOCALIZED = YES;
				CLANG_ANALYZER_NONNULL = YES;
				CLANG_ANALYZER_NUMBER_OBJECT_CONVERSION = YES_AGGRESSIVE;
				CLANG_CXX_LANGUAGE_STANDARD = "gnu++17";
				CLANG_CXX_LIBRARY = "libc++";
				CLANG_ENABLE_MODULES = YES;
				CLANG_ENABLE_OBJC_ARC = YES;
				CLANG_ENABLE_OBJC_WEAK = YES;
				CLANG_WARN_BLOCK_CAPTURE_AUTORELEASING = YES;
				CLANG_WARN_BOOL_CONVERSION = YES;
				CLANG_WARN_COMMA = YES;
				CLANG_WARN_CONSTANT_CONVERSION = YES;
				CLANG_WARN_DEPRECATED_OBJC_IMPLEMENTATIONS = YES;
				CLANG_WARN_DIRECT_OBJC_ISA_USAGE = YES_ERROR;
				CLANG_WARN_DOCUMENTATION_COMMENTS = YES;
				CLANG_WARN_EMPTY_BODY = YES;
				CLANG_WARN_ENUM_CONVERSION = YES;
				CLANG_WARN_INFINITE_RECURSION = YES;
				CLANG_WARN_INT_CONVERSION = YES;
				CLANG_WARN_NON_LITERAL_NULL_CONVERSION = YES;
				CLANG_WARN_OBJC_IMPLICIT_RETAIN_SELF = YES;
				CLANG_WARN_OBJC_LITERAL_CONVERSION = YES;
				CLANG_WARN_OBJC_ROOT_CLASS = YES_ERROR;
				CLANG_WARN_QUOTED_INCLUDE_IN_FRAMEWORK_HEADER = YES;
				CLANG_WARN_RANGE_LOOP_ANALYSIS = YES;
				CLANG_WARN_STRICT_PROTOTYPES = YES;
				CLANG_WARN_SUSPICIOUS_MOVE = YES;
				CLANG_WARN_UNGUARDED_AVAILABILITY = YES_AGGRESSIVE;
				CLANG_WARN_UNREACHABLE_CODE = YES;
				CLANG_WARN__DUPLICATE_METHOD_MATCH = YES;
				COPY_PHASE_STRIP = NO;
				DEBUG_INFORMATION_FORMAT = "dwarf-with-dsym";
				ENABLE_NS_ASSERTIONS = NO;
				ENABLE_STRICT_OBJC_MSGSEND = YES;
				GCC_C_LANGUAGE_STANDARD = gnu11;
				GCC_NO_COMMON_BLOCKS = YES;
				GCC_WARN_64_TO_32_BIT_CONVERSION = YES;
				GCC_WARN_ABOUT_RETURN_TYPE = YES_ERROR;
				GCC_WARN_UNDECLARED_SELECTOR = YES;
				GCC_WARN_UNINITIALIZED_AUTOS = YES_AGGRESSIVE;
				GCC_WARN_UNUSED_FUNCTION = YES;
				GCC_WARN_UNUSED_VARIABLE = YES;
				IPHONEOS_DEPLOYMENT_TARGET = 15.2;
				MTL_ENABLE_DEBUG_INFO = NO;
				MTL_FAST_MATH = YES;
				SDKROOT = iphoneos;
				SWIFT_COMPILATION_MODE = wholemodule;
				SWIFT_OPTIMIZATION_LEVEL = "-O";
				TARGETED_DEVICE_FAMILY = "1,2,6";
				VALIDATE_PRODUCT = YES;
			};
			name = Release;
		};
		BFE8E8E82794255B00AE4781 /* Debug */ = {
			isa = XCBuildConfiguration;
			baseConfigurationReference = DD4BCD69CF2F8962B8D73BCA /* Pods-Jiwei.debug.xcconfig */;
			buildSettings = {
				ASSETCATALOG_COMPILER_APPICON_NAME = AppIcon;
				ASSETCATALOG_COMPILER_GLOBAL_ACCENT_COLOR_NAME = AccentColor;
				CODE_SIGN_ENTITLEMENTS = Jiwei/Jiwei.entitlements;
				CODE_SIGN_STYLE = Automatic;
				CURRENT_PROJECT_VERSION = 1;
				DEVELOPMENT_TEAM = H65Q9JS5ZG;
				GENERATE_INFOPLIST_FILE = YES;
				INFOPLIST_FILE = Jiwei/Info.plist;
				INFOPLIST_KEY_LSApplicationCategoryType = "public.app-category.productivity";
				INFOPLIST_KEY_UIApplicationSupportsIndirectInputEvents = YES;
				INFOPLIST_KEY_UILaunchStoryboardName = LaunchScreen;
				INFOPLIST_KEY_UIMainStoryboardFile = Main;
				INFOPLIST_KEY_UISupportedInterfaceOrientations = UIInterfaceOrientationPortrait;
				INFOPLIST_KEY_UISupportedInterfaceOrientations_iPad = "UIInterfaceOrientationPortrait UIInterfaceOrientationPortraitUpsideDown UIInterfaceOrientationLandscapeLeft UIInterfaceOrientationLandscapeRight";
				INFOPLIST_KEY_UISupportedInterfaceOrientations_iPhone = UIInterfaceOrientationPortrait;
				LD_RUNPATH_SEARCH_PATHS = (
					"$(inherited)",
					"@executable_path/Frameworks",
				);
				MARKETING_VERSION = "0.2.1 Alpha";
				PRODUCT_BUNDLE_IDENTIFIER = org.vincenttsang.Jiwei;
				PRODUCT_NAME = "$(TARGET_NAME)";
				SUPPORTS_MACCATALYST = YES;
				SWIFT_EMIT_LOC_STRINGS = YES;
				SWIFT_VERSION = 5.0;
				TARGETED_DEVICE_FAMILY = "1,2";
			};
			name = Debug;
		};
		BFE8E8E92794255B00AE4781 /* Release */ = {
			isa = XCBuildConfiguration;
			baseConfigurationReference = A0AE81546087FD768E6F3FD4 /* Pods-Jiwei.release.xcconfig */;
			buildSettings = {
				ASSETCATALOG_COMPILER_APPICON_NAME = AppIcon;
				ASSETCATALOG_COMPILER_GLOBAL_ACCENT_COLOR_NAME = AccentColor;
				CODE_SIGN_ENTITLEMENTS = Jiwei/Jiwei.entitlements;
				CODE_SIGN_STYLE = Automatic;
				CURRENT_PROJECT_VERSION = 1;
				DEVELOPMENT_TEAM = H65Q9JS5ZG;
				GENERATE_INFOPLIST_FILE = YES;
				INFOPLIST_FILE = Jiwei/Info.plist;
				INFOPLIST_KEY_LSApplicationCategoryType = "public.app-category.productivity";
				INFOPLIST_KEY_UIApplicationSupportsIndirectInputEvents = YES;
				INFOPLIST_KEY_UILaunchStoryboardName = LaunchScreen;
				INFOPLIST_KEY_UIMainStoryboardFile = Main;
				INFOPLIST_KEY_UISupportedInterfaceOrientations = UIInterfaceOrientationPortrait;
				INFOPLIST_KEY_UISupportedInterfaceOrientations_iPad = "UIInterfaceOrientationPortrait UIInterfaceOrientationPortraitUpsideDown UIInterfaceOrientationLandscapeLeft UIInterfaceOrientationLandscapeRight";
				INFOPLIST_KEY_UISupportedInterfaceOrientations_iPhone = UIInterfaceOrientationPortrait;
				LD_RUNPATH_SEARCH_PATHS = (
					"$(inherited)",
					"@executable_path/Frameworks",
				);
				MARKETING_VERSION = "0.2.1 Alpha";
				PRODUCT_BUNDLE_IDENTIFIER = org.vincenttsang.Jiwei;
				PRODUCT_NAME = "$(TARGET_NAME)";
				SUPPORTS_MACCATALYST = YES;
				SWIFT_EMIT_LOC_STRINGS = YES;
				SWIFT_VERSION = 5.0;
				TARGETED_DEVICE_FAMILY = "1,2";
			};
			name = Release;
		};
		BFE8E8EB2794255B00AE4781 /* Debug */ = {
			isa = XCBuildConfiguration;
			baseConfigurationReference = 31E09B52707C186D6F42F25C /* Pods-JiweiTests.debug.xcconfig */;
			buildSettings = {
				ALWAYS_EMBED_SWIFT_STANDARD_LIBRARIES = YES;
				BUNDLE_LOADER = "$(TEST_HOST)";
				CODE_SIGN_STYLE = Automatic;
				CURRENT_PROJECT_VERSION = 1;
				DEVELOPMENT_TEAM = H65Q9JS5ZG;
				GENERATE_INFOPLIST_FILE = YES;
				IPHONEOS_DEPLOYMENT_TARGET = 15.2;
				MARKETING_VERSION = 1.0;
				PRODUCT_BUNDLE_IDENTIFIER = org.vincenttsang.JiweiTests;
				PRODUCT_NAME = "$(TARGET_NAME)";
				SWIFT_EMIT_LOC_STRINGS = NO;
				SWIFT_VERSION = 5.0;
				TARGETED_DEVICE_FAMILY = "1,2";
				TEST_HOST = "$(BUILT_PRODUCTS_DIR)/Jiwei.app/Jiwei";
			};
			name = Debug;
		};
		BFE8E8EC2794255B00AE4781 /* Release */ = {
			isa = XCBuildConfiguration;
			baseConfigurationReference = 576DB6C4FAF127C2F5F43C49 /* Pods-JiweiTests.release.xcconfig */;
			buildSettings = {
				ALWAYS_EMBED_SWIFT_STANDARD_LIBRARIES = YES;
				BUNDLE_LOADER = "$(TEST_HOST)";
				CODE_SIGN_STYLE = Automatic;
				CURRENT_PROJECT_VERSION = 1;
				DEVELOPMENT_TEAM = H65Q9JS5ZG;
				GENERATE_INFOPLIST_FILE = YES;
				IPHONEOS_DEPLOYMENT_TARGET = 15.2;
				MARKETING_VERSION = 1.0;
				PRODUCT_BUNDLE_IDENTIFIER = org.vincenttsang.JiweiTests;
				PRODUCT_NAME = "$(TARGET_NAME)";
				SWIFT_EMIT_LOC_STRINGS = NO;
				SWIFT_VERSION = 5.0;
				TARGETED_DEVICE_FAMILY = "1,2";
				TEST_HOST = "$(BUILT_PRODUCTS_DIR)/Jiwei.app/Jiwei";
			};
			name = Release;
		};
		BFE8E8EE2794255B00AE4781 /* Debug */ = {
			isa = XCBuildConfiguration;
			baseConfigurationReference = 0E6F84023E3AC03890A04500 /* Pods-Jiwei-JiweiUITests.debug.xcconfig */;
			buildSettings = {
				ALWAYS_EMBED_SWIFT_STANDARD_LIBRARIES = YES;
				CODE_SIGN_STYLE = Automatic;
				CURRENT_PROJECT_VERSION = 1;
				DEVELOPMENT_TEAM = H65Q9JS5ZG;
				GENERATE_INFOPLIST_FILE = YES;
				MARKETING_VERSION = 1.0;
				PRODUCT_BUNDLE_IDENTIFIER = org.vincenttsang.JiweiUITests;
				PRODUCT_NAME = "$(TARGET_NAME)";
				SWIFT_EMIT_LOC_STRINGS = NO;
				SWIFT_VERSION = 5.0;
				TARGETED_DEVICE_FAMILY = "1,2";
				TEST_TARGET_NAME = Jiwei;
			};
			name = Debug;
		};
		BFE8E8EF2794255B00AE4781 /* Release */ = {
			isa = XCBuildConfiguration;
			baseConfigurationReference = BD42909CF6825C5F8A74B826 /* Pods-Jiwei-JiweiUITests.release.xcconfig */;
			buildSettings = {
				ALWAYS_EMBED_SWIFT_STANDARD_LIBRARIES = YES;
				CODE_SIGN_STYLE = Automatic;
				CURRENT_PROJECT_VERSION = 1;
				DEVELOPMENT_TEAM = H65Q9JS5ZG;
				GENERATE_INFOPLIST_FILE = YES;
				MARKETING_VERSION = 1.0;
				PRODUCT_BUNDLE_IDENTIFIER = org.vincenttsang.JiweiUITests;
				PRODUCT_NAME = "$(TARGET_NAME)";
				SWIFT_EMIT_LOC_STRINGS = NO;
				SWIFT_VERSION = 5.0;
				TARGETED_DEVICE_FAMILY = "1,2";
				TEST_TARGET_NAME = Jiwei;
			};
			name = Release;
		};
/* End XCBuildConfiguration section */

/* Begin XCConfigurationList section */
		BFE8E8B52794255A00AE4781 /* Build configuration list for PBXProject "Jiwei" */ = {
			isa = XCConfigurationList;
			buildConfigurations = (
				BFE8E8E52794255B00AE4781 /* Debug */,
				BFE8E8E62794255B00AE4781 /* Release */,
			);
			defaultConfigurationIsVisible = 0;
			defaultConfigurationName = Release;
		};
		BFE8E8E72794255B00AE4781 /* Build configuration list for PBXNativeTarget "Jiwei" */ = {
			isa = XCConfigurationList;
			buildConfigurations = (
				BFE8E8E82794255B00AE4781 /* Debug */,
				BFE8E8E92794255B00AE4781 /* Release */,
			);
			defaultConfigurationIsVisible = 0;
			defaultConfigurationName = Release;
		};
		BFE8E8EA2794255B00AE4781 /* Build configuration list for PBXNativeTarget "JiweiTests" */ = {
			isa = XCConfigurationList;
			buildConfigurations = (
				BFE8E8EB2794255B00AE4781 /* Debug */,
				BFE8E8EC2794255B00AE4781 /* Release */,
			);
			defaultConfigurationIsVisible = 0;
			defaultConfigurationName = Release;
		};
		BFE8E8ED2794255B00AE4781 /* Build configuration list for PBXNativeTarget "JiweiUITests" */ = {
			isa = XCConfigurationList;
			buildConfigurations = (
				BFE8E8EE2794255B00AE4781 /* Debug */,
				BFE8E8EF2794255B00AE4781 /* Release */,
			);
			defaultConfigurationIsVisible = 0;
			defaultConfigurationName = Release;
		};
/* End XCConfigurationList section */

/* Begin XCVersionGroup section */
		BFE8E8C62794255A00AE4781 /* Jiwei.xcdatamodeld */ = {
			isa = XCVersionGroup;
			children = (
				BFE8E8C72794255A00AE4781 /* Jiwei.xcdatamodel */,
			);
			currentVersion = BFE8E8C72794255A00AE4781 /* Jiwei.xcdatamodel */;
			path = Jiwei.xcdatamodeld;
			sourceTree = "<group>";
			versionGroupType = wrapper.xcdatamodel;
		};
/* End XCVersionGroup section */
	};
	rootObject = BFE8E8B22794255A00AE4781 /* Project object */;
}
